
Microsoft Visual Studio Solution File, Format Version 12.00
# Visual Studio Version 16
VisualStudioVersion = 16.0.29215.179
MinimumVisualStudioVersion = 10.0.40219.1
Project("{FAE04EC0-301F-11D3-BF4B-00C04F79EFBC}") = "Schuluebung_V1", "Schuluebung_V1.csproj", "{0F223654-0EEF-4664-BEEE-8FA2D24B0945}"
EndProject
Project("{FAE04EC0-301F-11D3-BF4B-00C04F79EFBC}") = "beispiel2", "..\beispiel2\beispiel2.csproj", "{65633ECE-0306-460D-BEB3-9F24211387B3}"
EndProject
Global
	GlobalSection(SolutionConfigurationPlatforms) = preSolution
		Debug|Any CPU = Debug|Any CPU
		Release|Any CPU = Release|Any CPU
	EndGlobalSection
	GlobalSection(ProjectConfigurationPlatforms) = postSolution
		{0F223654-0EEF-4664-BEEE-8FA2D24B0945}.Debug|Any CPU.ActiveCfg = Debug|Any CPU
		{0F223654-0EEF-4664-BEEE-8FA2D24B0945}.Debug|Any CPU.Build.0 = Debug|Any CPU
		{0F223654-0EEF-4664-BEEE-8FA2D24B0945}.Release|Any CPU.ActiveCfg = Release|Any CPU
		{0F223654-0EEF-4664-BEEE-8FA2D24B0945}.Release|Any CPU.Build.0 = Release|Any CPU
		{65633ECE-0306-460D-BEB3-9F24211387B3}.Debug|Any CPU.ActiveCfg = Debug|Any CPU
		{65633ECE-0306-460D-BEB3-9F24211387B3}.Debug|Any CPU.Build.0 = Debug|Any CPU
		{65633ECE-0306-460D-BEB3-9F24211387B3}.Release|Any CPU.ActiveCfg = Release|Any CPU
		{65633ECE-0306-460D-BEB3-9F24211387B3}.Release|Any CPU.Build.0 = Release|Any CPU
	EndGlobalSection
	GlobalSection(SolutionProperties) = preSolution
		HideSolutionNode = FALSE
	EndGlobalSection
	GlobalSection(ExtensibilityGlobals) = postSolution
		SolutionGuid = {804F34AB-5212-4145-B56D-82DBFFB4892D}
	EndGlobalSection
EndGlobal
