
Microsoft Visual Studio Solution File, Format Version 12.00
# Visual Studio Version 16
VisualStudioVersion = 16.0.29215.179
MinimumVisualStudioVersion = 10.0.40219.1
Project("{FAE04EC0-301F-11D3-BF4B-00C04F79EFBC}") = "Nettobrutto", "Nettobrutto.csproj", "{F48953E8-439A-430A-9AB6-CE9FA691FF5D}"
EndProject
Global
	GlobalSection(SolutionConfigurationPlatforms) = preSolution
		Debug|Any CPU = Debug|Any CPU
		Release|Any CPU = Release|Any CPU
	EndGlobalSection
	GlobalSection(ProjectConfigurationPlatforms) = postSolution
		{F48953E8-439A-430A-9AB6-CE9FA691FF5D}.Debug|Any CPU.ActiveCfg = Debug|Any CPU
		{F48953E8-439A-430A-9AB6-CE9FA691FF5D}.Debug|Any CPU.Build.0 = Debug|Any CPU
		{F48953E8-439A-430A-9AB6-CE9FA691FF5D}.Release|Any CPU.ActiveCfg = Release|Any CPU
		{F48953E8-439A-430A-9AB6-CE9FA691FF5D}.Release|Any CPU.Build.0 = Release|Any CPU
	EndGlobalSection
	GlobalSection(SolutionProperties) = preSolution
		HideSolutionNode = FALSE
	EndGlobalSection
	GlobalSection(ExtensibilityGlobals) = postSolution
		SolutionGuid = {008E12E3-7FF6-4EF1-8B76-16EE7498E501}
	EndGlobalSection
EndGlobal
