
Microsoft Visual Studio Solution File, Format Version 12.00
# Visual Studio Version 16
VisualStudioVersion = 16.0.29215.179
MinimumVisualStudioVersion = 10.0.40219.1
Project("{FAE04EC0-301F-11D3-BF4B-00C04F79EFBC}") = "array_uebungen", "array_uebungen.csproj", "{8D402EC1-77D0-42AA-8924-E90E19667B1A}"
EndProject
Global
	GlobalSection(SolutionConfigurationPlatforms) = preSolution
		Debug|Any CPU = Debug|Any CPU
		Release|Any CPU = Release|Any CPU
	EndGlobalSection
	GlobalSection(ProjectConfigurationPlatforms) = postSolution
		{8D402EC1-77D0-42AA-8924-E90E19667B1A}.Debug|Any CPU.ActiveCfg = Debug|Any CPU
		{8D402EC1-77D0-42AA-8924-E90E19667B1A}.Debug|Any CPU.Build.0 = Debug|Any CPU
		{8D402EC1-77D0-42AA-8924-E90E19667B1A}.Release|Any CPU.ActiveCfg = Release|Any CPU
		{8D402EC1-77D0-42AA-8924-E90E19667B1A}.Release|Any CPU.Build.0 = Release|Any CPU
	EndGlobalSection
	GlobalSection(SolutionProperties) = preSolution
		HideSolutionNode = FALSE
	EndGlobalSection
	GlobalSection(ExtensibilityGlobals) = postSolution
		SolutionGuid = {DE410ED7-5930-4738-A92E-79C01952462D}
	EndGlobalSection
EndGlobal
