
Microsoft Visual Studio Solution File, Format Version 12.00
# Visual Studio Version 16
VisualStudioVersion = 16.0.29318.209
MinimumVisualStudioVersion = 10.0.40219.1
Project("{FAE04EC0-301F-11D3-BF4B-00C04F79EFBC}") = "Sprueche1", "Sprueche1.csproj", "{7FAB1334-D642-4577-9185-5C0C8976FDC0}"
EndProject
Global
	GlobalSection(SolutionConfigurationPlatforms) = preSolution
		Debug|Any CPU = Debug|Any CPU
		Release|Any CPU = Release|Any CPU
	EndGlobalSection
	GlobalSection(ProjectConfigurationPlatforms) = postSolution
		{7FAB1334-D642-4577-9185-5C0C8976FDC0}.Debug|Any CPU.ActiveCfg = Debug|Any CPU
		{7FAB1334-D642-4577-9185-5C0C8976FDC0}.Debug|Any CPU.Build.0 = Debug|Any CPU
		{7FAB1334-D642-4577-9185-5C0C8976FDC0}.Release|Any CPU.ActiveCfg = Release|Any CPU
		{7FAB1334-D642-4577-9185-5C0C8976FDC0}.Release|Any CPU.Build.0 = Release|Any CPU
	EndGlobalSection
	GlobalSection(SolutionProperties) = preSolution
		HideSolutionNode = FALSE
	EndGlobalSection
	GlobalSection(ExtensibilityGlobals) = postSolution
		SolutionGuid = {EEB33691-820E-4ABD-A4A3-83699B7A4111}
	EndGlobalSection
EndGlobal
